// !$*UTF8*$!
{
	archiveVersion = 1;
	classes = {
	};
	objectVersion = 56;
	objects = {

/* Begin PBXBuildFile section */
		2A4BE8F72BDB6BE40057AC70 /* TasksApp.swift in Sources */ = {isa = PBXBuildFile; fileRef = 2A4BE8F62BDB6BE40057AC70 /* TasksApp.swift */; };
		2A4BE8F92BDB6BE40057AC70 /* TaskView.swift in Sources */ = {isa = PBXBuildFile; fileRef = 2A4BE8F82BDB6BE40057AC70 /* TaskView.swift */; };
		2A4BE8FB2BDB6BE60057AC70 /* Assets.xcassets in Resources */ = {isa = PBXBuildFile; fileRef = 2A4BE8FA2BDB6BE60057AC70 /* Assets.xcassets */; };
		2A4BE8FE2BDB6BE60057AC70 /* Preview Assets.xcassets in Resources */ = {isa = PBXBuildFile; fileRef = 2A4BE8FD2BDB6BE60057AC70 /* Preview Assets.xcassets */; };
		2A4BE9052BDB6C030057AC70 /* TaskModel.swift in Sources */ = {isa = PBXBuildFile; fileRef = 2A4BE9042BDB6C030057AC70 /* TaskModel.swift */; };
		2A4BE9072BDB71CB0057AC70 /* TaskRowView.swift in Sources */ = {isa = PBXBuildFile; fileRef = 2A4BE9062BDB71CB0057AC70 /* TaskRowView.swift */; };
		2A4BE9092BDB79FF0057AC70 /* ModelContextUpdateTask.swift in Sources */ = {isa = PBXBuildFile; fileRef = 2A4BE9082BDB79FF0057AC70 /* ModelContextUpdateTask.swift */; };
		2A4BE90B2BDB7AFC0057AC70 /* EditTaskView.swift in Sources */ = {isa = PBXBuildFile; fileRef = 2A4BE90A2BDB7AFC0057AC70 /* EditTaskView.swift */; };
		2A4BE90D2BDB7FBD0057AC70 /* ModelContextInsert.swift in Sources */ = {isa = PBXBuildFile; fileRef = 2A4BE90C2BDB7FBD0057AC70 /* ModelContextInsert.swift */; };
		2A4BE90F2BDB817E0057AC70 /* InsertTaskView.swift in Sources */ = {isa = PBXBuildFile; fileRef = 2A4BE90E2BDB817E0057AC70 /* InsertTaskView.swift */; };
		2A4BE9112BDBF1680057AC70 /* ModelAddUpdateTask.swift in Sources */ = {isa = PBXBuildFile; fileRef = 2A4BE9102BDBF1680057AC70 /* ModelAddUpdateTask.swift */; };
		2A4BE9132BDBF1D90057AC70 /* AddUpdateTaskView.swift in Sources */ = {isa = PBXBuildFile; fileRef = 2A4BE9122BDBF1D90057AC70 /* AddUpdateTaskView.swift */; };
		2A4BE9152BDC00610057AC70 /* ModelContextAutosave.swift in Sources */ = {isa = PBXBuildFile; fileRef = 2A4BE9142BDC00610057AC70 /* ModelContextAutosave.swift */; };
		2A4BE9172BDC03F50057AC70 /* ModelContextCheckForChanges.swift in Sources */ = {isa = PBXBuildFile; fileRef = 2A4BE9162BDC03F50057AC70 /* ModelContextCheckForChanges.swift */; };
		2A4BE9192BDC32F10057AC70 /* UndoRedoIntro.swift in Sources */ = {isa = PBXBuildFile; fileRef = 2A4BE9182BDC32F10057AC70 /* UndoRedoIntro.swift */; };
/* End PBXBuildFile section */

/* Begin PBXFileReference section */
		2A4BE8F32BDB6BE40057AC70 /* Tasks.app */ = {isa = PBXFileReference; explicitFileType = wrapper.application; includeInIndex = 0; path = Tasks.app; sourceTree = BUILT_PRODUCTS_DIR; };
		2A4BE8F62BDB6BE40057AC70 /* TasksApp.swift */ = {isa = PBXFileReference; lastKnownFileType = sourcecode.swift; path = TasksApp.swift; sourceTree = "<group>"; };
		2A4BE8F82BDB6BE40057AC70 /* TaskView.swift */ = {isa = PBXFileReference; lastKnownFileType = sourcecode.swift; path = TaskView.swift; sourceTree = "<group>"; };
		2A4BE8FA2BDB6BE60057AC70 /* Assets.xcassets */ = {isa = PBXFileReference; lastKnownFileType = folder.assetcatalog; path = Assets.xcassets; sourceTree = "<group>"; };
		2A4BE8FD2BDB6BE60057AC70 /* Preview Assets.xcassets */ = {isa = PBXFileReference; lastKnownFileType = folder.assetcatalog; path = "Preview Assets.xcassets"; sourceTree = "<group>"; };
		2A4BE9042BDB6C030057AC70 /* TaskModel.swift */ = {isa = PBXFileReference; lastKnownFileType = sourcecode.swift; path = TaskModel.swift; sourceTree = "<group>"; };
		2A4BE9062BDB71CB0057AC70 /* TaskRowView.swift */ = {isa = PBXFileReference; lastKnownFileType = sourcecode.swift; path = TaskRowView.swift; sourceTree = "<group>"; };
		2A4BE9082BDB79FF0057AC70 /* ModelContextUpdateTask.swift */ = {isa = PBXFileReference; lastKnownFileType = sourcecode.swift; path = ModelContextUpdateTask.swift; sourceTree = "<group>"; };
		2A4BE90A2BDB7AFC0057AC70 /* EditTaskView.swift */ = {isa = PBXFileReference; lastKnownFileType = sourcecode.swift; path = EditTaskView.swift; sourceTree = "<group>"; };
		2A4BE90C2BDB7FBD0057AC70 /* ModelContextInsert.swift */ = {isa = PBXFileReference; lastKnownFileType = sourcecode.swift; path = ModelContextInsert.swift; sourceTree = "<group>"; };
		2A4BE90E2BDB817E0057AC70 /* InsertTaskView.swift */ = {isa = PBXFileReference; lastKnownFileType = sourcecode.swift; path = InsertTaskView.swift; sourceTree = "<group>"; };
		2A4BE9102BDBF1680057AC70 /* ModelAddUpdateTask.swift */ = {isa = PBXFileReference; lastKnownFileType = sourcecode.swift; path = ModelAddUpdateTask.swift; sourceTree = "<group>"; };
		2A4BE9122BDBF1D90057AC70 /* AddUpdateTaskView.swift */ = {isa = PBXFileReference; lastKnownFileType = sourcecode.swift; path = AddUpdateTaskView.swift; sourceTree = "<group>"; };
		2A4BE9142BDC00610057AC70 /* ModelContextAutosave.swift */ = {isa = PBXFileReference; lastKnownFileType = sourcecode.swift; path = ModelContextAutosave.swift; sourceTree = "<group>"; };
		2A4BE9162BDC03F50057AC70 /* ModelContextCheckForChanges.swift */ = {isa = PBXFileReference; lastKnownFileType = sourcecode.swift; path = ModelContextCheckForChanges.swift; sourceTree = "<group>"; };
		2A4BE9182BDC32F10057AC70 /* UndoRedoIntro.swift */ = {isa = PBXFileReference; lastKnownFileType = sourcecode.swift; path = UndoRedoIntro.swift; sourceTree = "<group>"; };
/* End PBXFileReference section */

/* Begin PBXFrameworksBuildPhase section */
		2A4BE8F02BDB6BE40057AC70 /* Frameworks */ = {
			isa = PBXFrameworksBuildPhase;
			buildActionMask = 2147483647;
			files = (
			);
			runOnlyForDeploymentPostprocessing = 0;
		};
/* End PBXFrameworksBuildPhase section */

/* Begin PBXGroup section */
		2A4BE8EA2BDB6BE40057AC70 = {
			isa = PBXGroup;
			children = (
				2A4BE8F52BDB6BE40057AC70 /* Tasks */,
				2A4BE8F42BDB6BE40057AC70 /* Products */,
			);
			sourceTree = "<group>";
		};
		2A4BE8F42BDB6BE40057AC70 /* Products */ = {
			isa = PBXGroup;
			children = (
				2A4BE8F32BDB6BE40057AC70 /* Tasks.app */,
			);
			name = Products;
			sourceTree = "<group>";
		};
		2A4BE8F52BDB6BE40057AC70 /* Tasks */ = {
			isa = PBXGroup;
			children = (
				2A4BE8F62BDB6BE40057AC70 /* TasksApp.swift */,
				2A4BE8F82BDB6BE40057AC70 /* TaskView.swift */,
				2A4BE8FA2BDB6BE60057AC70 /* Assets.xcassets */,
				2A4BE8FC2BDB6BE60057AC70 /* Preview Content */,
				2A4BE9042BDB6C030057AC70 /* TaskModel.swift */,
				2A4BE9062BDB71CB0057AC70 /* TaskRowView.swift */,
				2A4BE9082BDB79FF0057AC70 /* ModelContextUpdateTask.swift */,
				2A4BE90A2BDB7AFC0057AC70 /* EditTaskView.swift */,
				2A4BE90C2BDB7FBD0057AC70 /* ModelContextInsert.swift */,
				2A4BE90E2BDB817E0057AC70 /* InsertTaskView.swift */,
				2A4BE9102BDBF1680057AC70 /* ModelAddUpdateTask.swift */,
				2A4BE9122BDBF1D90057AC70 /* AddUpdateTaskView.swift */,
				2A4BE9142BDC00610057AC70 /* ModelContextAutosave.swift */,
				2A4BE9162BDC03F50057AC70 /* ModelContextCheckForChanges.swift */,
				2A4BE9182BDC32F10057AC70 /* UndoRedoIntro.swift */,
			);
			path = Tasks;
			sourceTree = "<group>";
		};
		2A4BE8FC2BDB6BE60057AC70 /* Preview Content */ = {
			isa = PBXGroup;
			children = (
				2A4BE8FD2BDB6BE60057AC70 /* Preview Assets.xcassets */,
			);
			path = "Preview Content";
			sourceTree = "<group>";
		};
/* End PBXGroup section */

/* Begin PBXNativeTarget section */
		2A4BE8F22BDB6BE40057AC70 /* Tasks */ = {
			isa = PBXNativeTarget;
			buildConfigurationList = 2A4BE9012BDB6BE60057AC70 /* Build configuration list for PBXNativeTarget "Tasks" */;
			buildPhases = (
				2A4BE8EF2BDB6BE40057AC70 /* Sources */,
				2A4BE8F02BDB6BE40057AC70 /* Frameworks */,
				2A4BE8F12BDB6BE40057AC70 /* Resources */,
			);
			buildRules = (
			);
			dependencies = (
			);
			name = Tasks;
			productName = Tasks;
			productReference = 2A4BE8F32BDB6BE40057AC70 /* Tasks.app */;
			productType = "com.apple.product-type.application";
		};
/* End PBXNativeTarget section */

/* Begin PBXProject section */
		2A4BE8EB2BDB6BE40057AC70 /* Project object */ = {
			isa = PBXProject;
			attributes = {
				BuildIndependentTargetsInParallel = 1;
				LastSwiftUpdateCheck = 1530;
				LastUpgradeCheck = 1530;
				TargetAttributes = {
					2A4BE8F22BDB6BE40057AC70 = {
						CreatedOnToolsVersion = 15.3;
					};
				};
			};
			buildConfigurationList = 2A4BE8EE2BDB6BE40057AC70 /* Build configuration list for PBXProject "Tasks" */;
			compatibilityVersion = "Xcode 14.0";
			developmentRegion = en;
			hasScannedForEncodings = 0;
			knownRegions = (
				en,
				Base,
			);
			mainGroup = 2A4BE8EA2BDB6BE40057AC70;
			productRefGroup = 2A4BE8F42BDB6BE40057AC70 /* Products */;
			projectDirPath = "";
			projectRoot = "";
			targets = (
				2A4BE8F22BDB6BE40057AC70 /* Tasks */,
			);
		};
/* End PBXProject section */

/* Begin PBXResourcesBuildPhase section */
		2A4BE8F12BDB6BE40057AC70 /* Resources */ = {
			isa = PBXResourcesBuildPhase;
			buildActionMask = 2147483647;
			files = (
				2A4BE8FE2BDB6BE60057AC70 /* Preview Assets.xcassets in Resources */,
				2A4BE8FB2BDB6BE60057AC70 /* Assets.xcassets in Resources */,
			);
			runOnlyForDeploymentPostprocessing = 0;
		};
/* End PBXResourcesBuildPhase section */

/* Begin PBXSourcesBuildPhase section */
		2A4BE8EF2BDB6BE40057AC70 /* Sources */ = {
			isa = PBXSourcesBuildPhase;
			buildActionMask = 2147483647;
			files = (
				2A4BE9172BDC03F50057AC70 /* ModelContextCheckForChanges.swift in Sources */,
				2A4BE9192BDC32F10057AC70 /* UndoRedoIntro.swift in Sources */,
				2A4BE9152BDC00610057AC70 /* ModelContextAutosave.swift in Sources */,
				2A4BE9052BDB6C030057AC70 /* TaskModel.swift in Sources */,
				2A4BE8F92BDB6BE40057AC70 /* TaskView.swift in Sources */,
				2A4BE9132BDBF1D90057AC70 /* AddUpdateTaskView.swift in Sources */,
				2A4BE90F2BDB817E0057AC70 /* InsertTaskView.swift in Sources */,
				2A4BE90D2BDB7FBD0057AC70 /* ModelContextInsert.swift in Sources */,
				2A4BE9092BDB79FF0057AC70 /* ModelContextUpdateTask.swift in Sources */,
				2A4BE90B2BDB7AFC0057AC70 /* EditTaskView.swift in Sources */,
				2A4BE9112BDBF1680057AC70 /* ModelAddUpdateTask.swift in Sources */,
				2A4BE9072BDB71CB0057AC70 /* TaskRowView.swift in Sources */,
				2A4BE8F72BDB6BE40057AC70 /* TasksApp.swift in Sources */,
			);
			runOnlyForDeploymentPostprocessing = 0;
		};
/* End PBXSourcesBuildPhase section */

/* Begin XCBuildConfiguration section */
		2A4BE8FF2BDB6BE60057AC70 /* Debug */ = {
			isa = XCBuildConfiguration;
			buildSettings = {
				ALWAYS_SEARCH_USER_PATHS = NO;
				ASSETCATALOG_COMPILER_GENERATE_SWIFT_ASSET_SYMBOL_EXTENSIONS = YES;
				CLANG_ANALYZER_NONNULL = YES;
				CLANG_ANALYZER_NUMBER_OBJECT_CONVERSION = YES_AGGRESSIVE;
				CLANG_CXX_LANGUAGE_STANDARD = "gnu++20";
				CLANG_ENABLE_MODULES = YES;
				CLANG_ENABLE_OBJC_ARC = YES;
				CLANG_ENABLE_OBJC_WEAK = YES;
				CLANG_WARN_BLOCK_CAPTURE_AUTORELEASING = YES;
				CLANG_WARN_BOOL_CONVERSION = YES;
				CLANG_WARN_COMMA = YES;
				CLANG_WARN_CONSTANT_CONVERSION = YES;
				CLANG_WARN_DEPRECATED_OBJC_IMPLEMENTATIONS = YES;
				CLANG_WARN_DIRECT_OBJC_ISA_USAGE = YES_ERROR;
				CLANG_WARN_DOCUMENTATION_COMMENTS = YES;
				CLANG_WARN_EMPTY_BODY = YES;
				CLANG_WARN_ENUM_CONVERSION = YES;
				CLANG_WARN_INFINITE_RECURSION = YES;
				CLANG_WARN_INT_CONVERSION = YES;
				CLANG_WARN_NON_LITERAL_NULL_CONVERSION = YES;
				CLANG_WARN_OBJC_IMPLICIT_RETAIN_SELF = YES;
				CLANG_WARN_OBJC_LITERAL_CONVERSION = YES;
				CLANG_WARN_OBJC_ROOT_CLASS = YES_ERROR;
				CLANG_WARN_QUOTED_INCLUDE_IN_FRAMEWORK_HEADER = YES;
				CLANG_WARN_RANGE_LOOP_ANALYSIS = YES;
				CLANG_WARN_STRICT_PROTOTYPES = YES;
				CLANG_WARN_SUSPICIOUS_MOVE = YES;
				CLANG_WARN_UNGUARDED_AVAILABILITY = YES_AGGRESSIVE;
				CLANG_WARN_UNREACHABLE_CODE = YES;
				CLANG_WARN__DUPLICATE_METHOD_MATCH = YES;
				COPY_PHASE_STRIP = NO;
				DEBUG_INFORMATION_FORMAT = dwarf;
				ENABLE_STRICT_OBJC_MSGSEND = YES;
				ENABLE_TESTABILITY = YES;
				ENABLE_USER_SCRIPT_SANDBOXING = YES;
				GCC_C_LANGUAGE_STANDARD = gnu17;
				GCC_DYNAMIC_NO_PIC = NO;
				GCC_NO_COMMON_BLOCKS = YES;
				GCC_OPTIMIZATION_LEVEL = 0;
				GCC_PREPROCESSOR_DEFINITIONS = (
					"DEBUG=1",
					"$(inherited)",
				);
				GCC_WARN_64_TO_32_BIT_CONVERSION = YES;
				GCC_WARN_ABOUT_RETURN_TYPE = YES_ERROR;
				GCC_WARN_UNDECLARED_SELECTOR = YES;
				GCC_WARN_UNINITIALIZED_AUTOS = YES_AGGRESSIVE;
				GCC_WARN_UNUSED_FUNCTION = YES;
				GCC_WARN_UNUSED_VARIABLE = YES;
				IPHONEOS_DEPLOYMENT_TARGET = 17.4;
				LOCALIZATION_PREFERS_STRING_CATALOGS = YES;
				MTL_ENABLE_DEBUG_INFO = INCLUDE_SOURCE;
				MTL_FAST_MATH = YES;
				ONLY_ACTIVE_ARCH = YES;
				SDKROOT = iphoneos;
				SWIFT_ACTIVE_COMPILATION_CONDITIONS = "DEBUG $(inherited)";
				SWIFT_OPTIMIZATION_LEVEL = "-Onone";
			};
			name = Debug;
		};
		2A4BE9002BDB6BE60057AC70 /* Release */ = {
			isa = XCBuildConfiguration;
			buildSettings = {
				ALWAYS_SEARCH_USER_PATHS = NO;
				ASSETCATALOG_COMPILER_GENERATE_SWIFT_ASSET_SYMBOL_EXTENSIONS = YES;
				CLANG_ANALYZER_NONNULL = YES;
				CLANG_ANALYZER_NUMBER_OBJECT_CONVERSION = YES_AGGRESSIVE;
				CLANG_CXX_LANGUAGE_STANDARD = "gnu++20";
				CLANG_ENABLE_MODULES = YES;
				CLANG_ENABLE_OBJC_ARC = YES;
				CLANG_ENABLE_OBJC_WEAK = YES;
				CLANG_WARN_BLOCK_CAPTURE_AUTORELEASING = YES;
				CLANG_WARN_BOOL_CONVERSION = YES;
				CLANG_WARN_COMMA = YES;
				CLANG_WARN_CONSTANT_CONVERSION = YES;
				CLANG_WARN_DEPRECATED_OBJC_IMPLEMENTATIONS = YES;
				CLANG_WARN_DIRECT_OBJC_ISA_USAGE = YES_ERROR;
				CLANG_WARN_DOCUMENTATION_COMMENTS = YES;
				CLANG_WARN_EMPTY_BODY = YES;
				CLANG_WARN_ENUM_CONVERSION = YES;
				CLANG_WARN_INFINITE_RECURSION = YES;
				CLANG_WARN_INT_CONVERSION = YES;
				CLANG_WARN_NON_LITERAL_NULL_CONVERSION = YES;
				CLANG_WARN_OBJC_IMPLICIT_RETAIN_SELF = YES;
				CLANG_WARN_OBJC_LITERAL_CONVERSION = YES;
				CLANG_WARN_OBJC_ROOT_CLASS = YES_ERROR;
				CLANG_WARN_QUOTED_INCLUDE_IN_FRAMEWORK_HEADER = YES;
				CLANG_WARN_RANGE_LOOP_ANALYSIS = YES;
				CLANG_WARN_STRICT_PROTOTYPES = YES;
				CLANG_WARN_SUSPICIOUS_MOVE = YES;
				CLANG_WARN_UNGUARDED_AVAILABILITY = YES_AGGRESSIVE;
				CLANG_WARN_UNREACHABLE_CODE = YES;
				CLANG_WARN__DUPLICATE_METHOD_MATCH = YES;
				COPY_PHASE_STRIP = NO;
				DEBUG_INFORMATION_FORMAT = "dwarf-with-dsym";
				ENABLE_NS_ASSERTIONS = NO;
				ENABLE_STRICT_OBJC_MSGSEND = YES;
				ENABLE_USER_SCRIPT_SANDBOXING = YES;
				GCC_C_LANGUAGE_STANDARD = gnu17;
				GCC_NO_COMMON_BLOCKS = YES;
				GCC_WARN_64_TO_32_BIT_CONVERSION = YES;
				GCC_WARN_ABOUT_RETURN_TYPE = YES_ERROR;
				GCC_WARN_UNDECLARED_SELECTOR = YES;
				GCC_WARN_UNINITIALIZED_AUTOS = YES_AGGRESSIVE;
				GCC_WARN_UNUSED_FUNCTION = YES;
				GCC_WARN_UNUSED_VARIABLE = YES;
				IPHONEOS_DEPLOYMENT_TARGET = 17.4;
				LOCALIZATION_PREFERS_STRING_CATALOGS = YES;
				MTL_ENABLE_DEBUG_INFO = NO;
				MTL_FAST_MATH = YES;
				SDKROOT = iphoneos;
				SWIFT_COMPILATION_MODE = wholemodule;
				VALIDATE_PRODUCT = YES;
			};
			name = Release;
		};
		2A4BE9022BDB6BE60057AC70 /* Debug */ = {
			isa = XCBuildConfiguration;
			buildSettings = {
				ASSETCATALOG_COMPILER_APPICON_NAME = AppIcon;
				ASSETCATALOG_COMPILER_GLOBAL_ACCENT_COLOR_NAME = AccentColor;
				CODE_SIGN_STYLE = Automatic;
				CURRENT_PROJECT_VERSION = 1;
				DEVELOPMENT_ASSET_PATHS = "\"Tasks/Preview Content\"";
				DEVELOPMENT_TEAM = 476QK54UU2;
				ENABLE_PREVIEWS = YES;
				GENERATE_INFOPLIST_FILE = YES;
				INFOPLIST_KEY_UIApplicationSceneManifest_Generation = YES;
				INFOPLIST_KEY_UIApplicationSupportsIndirectInputEvents = YES;
				INFOPLIST_KEY_UILaunchScreen_Generation = YES;
				INFOPLIST_KEY_UISupportedInterfaceOrientations_iPad = "UIInterfaceOrientationPortrait UIInterfaceOrientationPortraitUpsideDown UIInterfaceOrientationLandscapeLeft UIInterfaceOrientationLandscapeRight";
				INFOPLIST_KEY_UISupportedInterfaceOrientations_iPhone = "UIInterfaceOrientationPortrait UIInterfaceOrientationLandscapeLeft UIInterfaceOrientationLandscapeRight";
				LD_RUNPATH_SEARCH_PATHS = (
					"$(inherited)",
					"@executable_path/Frameworks",
				);
				MARKETING_VERSION = 1.0;
				PRODUCT_BUNDLE_IDENTIFIER = "com.it-guy.Tasks";
				PRODUCT_NAME = "$(TARGET_NAME)";
				SWIFT_EMIT_LOC_STRINGS = YES;
				SWIFT_VERSION = 5.0;
				TARGETED_DEVICE_FAMILY = "1,2";
			};
			name = Debug;
		};
		2A4BE9032BDB6BE60057AC70 /* Release */ = {
			isa = XCBuildConfiguration;
			buildSettings = {
				ASSETCATALOG_COMPILER_APPICON_NAME = AppIcon;
				ASSETCATALOG_COMPILER_GLOBAL_ACCENT_COLOR_NAME = AccentColor;
				CODE_SIGN_STYLE = Automatic;
				CURRENT_PROJECT_VERSION = 1;
				DEVELOPMENT_ASSET_PATHS = "\"Tasks/Preview Content\"";
				DEVELOPMENT_TEAM = 476QK54UU2;
				ENABLE_PREVIEWS = YES;
				GENERATE_INFOPLIST_FILE = YES;
				INFOPLIST_KEY_UIApplicationSceneManifest_Generation = YES;
				INFOPLIST_KEY_UIApplicationSupportsIndirectInputEvents = YES;
				INFOPLIST_KEY_UILaunchScreen_Generation = YES;
				INFOPLIST_KEY_UISupportedInterfaceOrientations_iPad = "UIInterfaceOrientationPortrait UIInterfaceOrientationPortraitUpsideDown UIInterfaceOrientationLandscapeLeft UIInterfaceOrientationLandscapeRight";
				INFOPLIST_KEY_UISupportedInterfaceOrientations_iPhone = "UIInterfaceOrientationPortrait UIInterfaceOrientationLandscapeLeft UIInterfaceOrientationLandscapeRight";
				LD_RUNPATH_SEARCH_PATHS = (
					"$(inherited)",
					"@executable_path/Frameworks",
				);
				MARKETING_VERSION = 1.0;
				PRODUCT_BUNDLE_IDENTIFIER = "com.it-guy.Tasks";
				PRODUCT_NAME = "$(TARGET_NAME)";
				SWIFT_EMIT_LOC_STRINGS = YES;
				SWIFT_VERSION = 5.0;
				TARGETED_DEVICE_FAMILY = "1,2";
			};
			name = Release;
		};
/* End XCBuildConfiguration section */

/* Begin XCConfigurationList section */
		2A4BE8EE2BDB6BE40057AC70 /* Build configuration list for PBXProject "Tasks" */ = {
			isa = XCConfigurationList;
			buildConfigurations = (
				2A4BE8FF2BDB6BE60057AC70 /* Debug */,
				2A4BE9002BDB6BE60057AC70 /* Release */,
			);
			defaultConfigurationIsVisible = 0;
			defaultConfigurationName = Release;
		};
		2A4BE9012BDB6BE60057AC70 /* Build configuration list for PBXNativeTarget "Tasks" */ = {
			isa = XCConfigurationList;
			buildConfigurations = (
				2A4BE9022BDB6BE60057AC70 /* Debug */,
				2A4BE9032BDB6BE60057AC70 /* Release */,
			);
			defaultConfigurationIsVisible = 0;
			defaultConfigurationName = Release;
		};
/* End XCConfigurationList section */
	};
	rootObject = 2A4BE8EB2BDB6BE40057AC70 /* Project object */;
}
